
Microsoft Visual Studio Solution File, Format Version 12.00
# Visual Studio Version 17
VisualStudioVersion = 17.14.36717.8 d17.14
MinimumVisualStudioVersion = 10.0.40219.1
Project("{FAE04EC0-301F-11D3-BF4B-00C04F79EFBC}") = "MyFirstMVCApp", "MyFirstMVCApp\MyFirstMVCApp.csproj", "{EA659C2E-0E69-4E45-8226-8410254269E0}"
EndProject
Global
	GlobalSection(SolutionConfigurationPlatforms) = preSolution
		Debug|Any CPU = Debug|Any CPU
		Release|Any CPU = Release|Any CPU
	EndGlobalSection
	GlobalSection(ProjectConfigurationPlatforms) = postSolution
		{EA659C2E-0E69-4E45-8226-8410254269E0}.Debug|Any CPU.ActiveCfg = Debug|Any CPU
		{EA659C2E-0E69-4E45-8226-8410254269E0}.Debug|Any CPU.Build.0 = Debug|Any CPU
		{EA659C2E-0E69-4E45-8226-8410254269E0}.Release|Any CPU.ActiveCfg = Release|Any CPU
		{EA659C2E-0E69-4E45-8226-8410254269E0}.Release|Any CPU.Build.0 = Release|Any CPU
	EndGlobalSection
	GlobalSection(SolutionProperties) = preSolution
		HideSolutionNode = FALSE
	EndGlobalSection
	GlobalSection(ExtensibilityGlobals) = postSolution
		SolutionGuid = {52ACBB18-5722-464F-8993-C1BF91D1021B}
	EndGlobalSection
EndGlobal
